
Microsoft Visual Studio Solution File, Format Version 12.00
# Visual Studio Version 17
VisualStudioVersion = 17.8.34525.116
MinimumVisualStudioVersion = 10.0.40219.1
Project("{FAE04EC0-301F-11D3-BF4B-00C04F79EFBC}") = "arrays_dimensional", "arrays_dimensional.csproj", "{BE92A44B-D1E0-44B3-A9AD-84D438BFC3AF}"
EndProject
Global
	GlobalSection(SolutionConfigurationPlatforms) = preSolution
		Debug|Any CPU = Debug|Any CPU
		Release|Any CPU = Release|Any CPU
	EndGlobalSection
	GlobalSection(ProjectConfigurationPlatforms) = postSolution
		{BE92A44B-D1E0-44B3-A9AD-84D438BFC3AF}.Debug|Any CPU.ActiveCfg = Debug|Any CPU
		{BE92A44B-D1E0-44B3-A9AD-84D438BFC3AF}.Debug|Any CPU.Build.0 = Debug|Any CPU
		{BE92A44B-D1E0-44B3-A9AD-84D438BFC3AF}.Release|Any CPU.ActiveCfg = Release|Any CPU
		{BE92A44B-D1E0-44B3-A9AD-84D438BFC3AF}.Release|Any CPU.Build.0 = Release|Any CPU
	EndGlobalSection
	GlobalSection(SolutionProperties) = preSolution
		HideSolutionNode = FALSE
	EndGlobalSection
	GlobalSection(ExtensibilityGlobals) = postSolution
		SolutionGuid = {FE66699C-88F2-48C5-B7B6-976F73D15093}
	EndGlobalSection
EndGlobal
